// !$*UTF8*$!
{
	archiveVersion = 1;
	classes = {
	};
	objectVersion = 77;
	objects = {

/* Begin PBXBuildFile section */
		03787F31E014CE8B39FD524E /* FillerFilterTests.swift in Sources */ = {isa = PBXBuildFile; fileRef = 3752C8408DB3E3B611FD7FDF /* FillerFilterTests.swift */; };
		135506CBBEB4C0C427CCDE61 /* WhisperTranscriber.swift in Sources */ = {isa = PBXBuildFile; fileRef = 1D31BF013C197339824B2FB7 /* WhisperTranscriber.swift */; };
		13A61C8E3AFAE8EB5681477E /* MainAppView.swift in Sources */ = {isa = PBXBuildFile; fileRef = 53E563E06D1D116BD55EA866 /* MainAppView.swift */; };
		325B128869C377D25A20C9F5 /* WhisperKit in Frameworks */ = {isa = PBXBuildFile; productRef = 7F788ACDFC3CA2AF650596EF /* WhisperKit */; };
		33B8A79CB46313A6D9E39493 /* MenuBarView.swift in Sources */ = {isa = PBXBuildFile; fileRef = 3003F0EF244EE069518C0990 /* MenuBarView.swift */; };
		355BAB2A6554D03CCC21CFCA /* AudioCapture.swift in Sources */ = {isa = PBXBuildFile; fileRef = B17B528CBE653EA9FC5801A7 /* AudioCapture.swift */; };
		3A49D2A5EA1DA8E781AB684B /* TranscriptionStore.swift in Sources */ = {isa = PBXBuildFile; fileRef = 277DE250D9BDB075E3461DCE /* TranscriptionStore.swift */; };
		4311B13B05F70300A1EF6196 /* KeyboardShortcuts+Extensions.swift in Sources */ = {isa = PBXBuildFile; fileRef = 9C4C7000FDC727711A6B33C3 /* KeyboardShortcuts+Extensions.swift */; };
		603A1FBD9CB0EA987DA3DDFD /* OverlayWindowController.swift in Sources */ = {isa = PBXBuildFile; fileRef = B9CA162E10F246D7FB94F475 /* OverlayWindowController.swift */; };
		6473DAD5151B26106AC1BDC4 /* RecordingOverlayView.swift in Sources */ = {isa = PBXBuildFile; fileRef = 05E0126E564D9E60FDA80E4B /* RecordingOverlayView.swift */; };
		69D641DE8423C475C5438637 /* SettingsView.swift in Sources */ = {isa = PBXBuildFile; fileRef = 137587B70B5855439082B233 /* SettingsView.swift */; };
		71A0F9150FFC9600D7AFCFF1 /* ClipboardManager.swift in Sources */ = {isa = PBXBuildFile; fileRef = 3C6BDFABE2324E58C6E17B12 /* ClipboardManager.swift */; };
		814CD7D1A2F1AE096568AD64 /* HotkeyManager.swift in Sources */ = {isa = PBXBuildFile; fileRef = ADE1221C975AFBD42246126F /* HotkeyManager.swift */; };
		8F195E750A74B4F5FA186E48 /* VoxScribeApp.swift in Sources */ = {isa = PBXBuildFile; fileRef = 84198B5F12056E73B799CAFF /* VoxScribeApp.swift */; };
		A108D150475179C30B79B2A6 /* MainWindowController.swift in Sources */ = {isa = PBXBuildFile; fileRef = 27D96F5FA79E600F21BA031D /* MainWindowController.swift */; };
		B2EC4581181C118913D3396E /* TranscriptionStoreTests.swift in Sources */ = {isa = PBXBuildFile; fileRef = 1B777E22DBC222E17BFE5857 /* TranscriptionStoreTests.swift */; };
		BA5215C3666AB7AB305E0578 /* AppStateTests.swift in Sources */ = {isa = PBXBuildFile; fileRef = EB8614EE99B1713B73433EF4 /* AppStateTests.swift */; };
		BE44993245D16F7D893B04DC /* KeyboardShortcuts in Frameworks */ = {isa = PBXBuildFile; productRef = ACFF5A8119554A8E283D993A /* KeyboardShortcuts */; };
		C1C7BDCE4EAEA1DBF4EE9359 /* AppState.swift in Sources */ = {isa = PBXBuildFile; fileRef = C89B8F99750390FB53319AFE /* AppState.swift */; };
		D40B8D0DC5F93FC865405BE3 /* TextInserter.swift in Sources */ = {isa = PBXBuildFile; fileRef = 5BC518AF945B610886F69D75 /* TextInserter.swift */; };
		D80A7DC5A4ADBCFF260B80F4 /* Assets.xcassets in Resources */ = {isa = PBXBuildFile; fileRef = 4A23B4A28496D4F2DD53F8B7 /* Assets.xcassets */; };
		D9AA0F815D870F98D72B849C /* TextInserterTests.swift in Sources */ = {isa = PBXBuildFile; fileRef = B858FED55B94E16624C2F8DB /* TextInserterTests.swift */; };
		E9A2ECAD0B6CBBD015800C96 /* TranscriptionRecord.swift in Sources */ = {isa = PBXBuildFile; fileRef = 0AFE8920B5C501A964FA6857 /* TranscriptionRecord.swift */; };
		EA1FE9C8C993C544C4B31E70 /* FillerFilter.swift in Sources */ = {isa = PBXBuildFile; fileRef = 6C3541616CA24FE06ED1AA4C /* FillerFilter.swift */; };
/* End PBXBuildFile section */

/* Begin PBXContainerItemProxy section */
		762A62DF331449F216159D4C /* PBXContainerItemProxy */ = {
			isa = PBXContainerItemProxy;
			containerPortal = 155507C8C7D8E4E7D327E55B /* Project object */;
			proxyType = 1;
			remoteGlobalIDString = 3BD43F199A3FEF0F42376684;
			remoteInfo = VoxScribe;
		};
/* End PBXContainerItemProxy section */

/* Begin PBXFileReference section */
		05E0126E564D9E60FDA80E4B /* RecordingOverlayView.swift */ = {isa = PBXFileReference; lastKnownFileType = sourcecode.swift; path = RecordingOverlayView.swift; sourceTree = "<group>"; };
		0AFE8920B5C501A964FA6857 /* TranscriptionRecord.swift */ = {isa = PBXFileReference; lastKnownFileType = sourcecode.swift; path = TranscriptionRecord.swift; sourceTree = "<group>"; };
		137587B70B5855439082B233 /* SettingsView.swift */ = {isa = PBXFileReference; lastKnownFileType = sourcecode.swift; path = SettingsView.swift; sourceTree = "<group>"; };
		1B777E22DBC222E17BFE5857 /* TranscriptionStoreTests.swift */ = {isa = PBXFileReference; lastKnownFileType = sourcecode.swift; path = TranscriptionStoreTests.swift; sourceTree = "<group>"; };
		1D31BF013C197339824B2FB7 /* WhisperTranscriber.swift */ = {isa = PBXFileReference; lastKnownFileType = sourcecode.swift; path = WhisperTranscriber.swift; sourceTree = "<group>"; };
		277DE250D9BDB075E3461DCE /* TranscriptionStore.swift */ = {isa = PBXFileReference; lastKnownFileType = sourcecode.swift; path = TranscriptionStore.swift; sourceTree = "<group>"; };
		27D96F5FA79E600F21BA031D /* MainWindowController.swift */ = {isa = PBXFileReference; lastKnownFileType = sourcecode.swift; path = MainWindowController.swift; sourceTree = "<group>"; };
		2BFE46030D501627D310BE0B /* Local.xcconfig */ = {isa = PBXFileReference; lastKnownFileType = text.xcconfig; path = Local.xcconfig; sourceTree = "<group>"; };
		3003F0EF244EE069518C0990 /* MenuBarView.swift */ = {isa = PBXFileReference; lastKnownFileType = sourcecode.swift; path = MenuBarView.swift; sourceTree = "<group>"; };
		3752C8408DB3E3B611FD7FDF /* FillerFilterTests.swift */ = {isa = PBXFileReference; lastKnownFileType = sourcecode.swift; path = FillerFilterTests.swift; sourceTree = "<group>"; };
		3C6BDFABE2324E58C6E17B12 /* ClipboardManager.swift */ = {isa = PBXFileReference; lastKnownFileType = sourcecode.swift; path = ClipboardManager.swift; sourceTree = "<group>"; };
		4A23B4A28496D4F2DD53F8B7 /* Assets.xcassets */ = {isa = PBXFileReference; lastKnownFileType = folder.assetcatalog; path = Assets.xcassets; sourceTree = "<group>"; };
		53E563E06D1D116BD55EA866 /* MainAppView.swift */ = {isa = PBXFileReference; lastKnownFileType = sourcecode.swift; path = MainAppView.swift; sourceTree = "<group>"; };
		5BC518AF945B610886F69D75 /* TextInserter.swift */ = {isa = PBXFileReference; lastKnownFileType = sourcecode.swift; path = TextInserter.swift; sourceTree = "<group>"; };
		5C444F4BC632001F225CF878 /* VoxScribeTests.xctest */ = {isa = PBXFileReference; explicitFileType = wrapper.cfbundle; includeInIndex = 0; path = VoxScribeTests.xctest; sourceTree = BUILT_PRODUCTS_DIR; };
		6C3541616CA24FE06ED1AA4C /* FillerFilter.swift */ = {isa = PBXFileReference; lastKnownFileType = sourcecode.swift; path = FillerFilter.swift; sourceTree = "<group>"; };
		77EA85828E8FF5D834E3714E /* VoxScribe.entitlements */ = {isa = PBXFileReference; lastKnownFileType = text.plist.entitlements; path = VoxScribe.entitlements; sourceTree = "<group>"; };
		84198B5F12056E73B799CAFF /* VoxScribeApp.swift */ = {isa = PBXFileReference; lastKnownFileType = sourcecode.swift; path = VoxScribeApp.swift; sourceTree = "<group>"; };
		9C4C7000FDC727711A6B33C3 /* KeyboardShortcuts+Extensions.swift */ = {isa = PBXFileReference; lastKnownFileType = sourcecode.swift; path = "KeyboardShortcuts+Extensions.swift"; sourceTree = "<group>"; };
		9D226DB472326327E804DA6D /* VoxScribe.app */ = {isa = PBXFileReference; explicitFileType = wrapper.application; includeInIndex = 0; path = VoxScribe.app; sourceTree = BUILT_PRODUCTS_DIR; };
		9EE74B481E205CE92067D832 /* Info.plist */ = {isa = PBXFileReference; lastKnownFileType = text.plist; path = Info.plist; sourceTree = "<group>"; };
		ADE1221C975AFBD42246126F /* HotkeyManager.swift */ = {isa = PBXFileReference; lastKnownFileType = sourcecode.swift; path = HotkeyManager.swift; sourceTree = "<group>"; };
		B17B528CBE653EA9FC5801A7 /* AudioCapture.swift */ = {isa = PBXFileReference; lastKnownFileType = sourcecode.swift; path = AudioCapture.swift; sourceTree = "<group>"; };
		B858FED55B94E16624C2F8DB /* TextInserterTests.swift */ = {isa = PBXFileReference; lastKnownFileType = sourcecode.swift; path = TextInserterTests.swift; sourceTree = "<group>"; };
		B9CA162E10F246D7FB94F475 /* OverlayWindowController.swift */ = {isa = PBXFileReference; lastKnownFileType = sourcecode.swift; path = OverlayWindowController.swift; sourceTree = "<group>"; };
		C89B8F99750390FB53319AFE /* AppState.swift */ = {isa = PBXFileReference; lastKnownFileType = sourcecode.swift; path = AppState.swift; sourceTree = "<group>"; };
		EB8614EE99B1713B73433EF4 /* AppStateTests.swift */ = {isa = PBXFileReference; lastKnownFileType = sourcecode.swift; path = AppStateTests.swift; sourceTree = "<group>"; };
/* End PBXFileReference section */

/* Begin PBXFrameworksBuildPhase section */
		20256BF6552B8B88FDDE3ED7 /* Frameworks */ = {
			isa = PBXFrameworksBuildPhase;
			buildActionMask = 2147483647;
			files = (
				325B128869C377D25A20C9F5 /* WhisperKit in Frameworks */,
				BE44993245D16F7D893B04DC /* KeyboardShortcuts in Frameworks */,
			);
			runOnlyForDeploymentPostprocessing = 0;
		};
/* End PBXFrameworksBuildPhase section */

/* Begin PBXGroup section */
		0C3316826FF1D9031D89D32A /* Intelligence */ = {
			isa = PBXGroup;
			children = (
				6C3541616CA24FE06ED1AA4C /* FillerFilter.swift */,
			);
			path = Intelligence;
			sourceTree = "<group>";
		};
		0D890171A9075C48A3D57309 /* Transcription */ = {
			isa = PBXGroup;
			children = (
				1D31BF013C197339824B2FB7 /* WhisperTranscriber.swift */,
			);
			path = Transcription;
			sourceTree = "<group>";
		};
		20E2AAB79CBCEA07040E00EA /* Resources */ = {
			isa = PBXGroup;
			children = (
				4A23B4A28496D4F2DD53F8B7 /* Assets.xcassets */,
				9EE74B481E205CE92067D832 /* Info.plist */,
				77EA85828E8FF5D834E3714E /* VoxScribe.entitlements */,
			);
			path = Resources;
			sourceTree = "<group>";
		};
		2224AE5F353B0FA7317FE5FB = {
			isa = PBXGroup;
			children = (
				7CB9C0404521BB79023065A3 /* VoxScribe */,
				3DEA014D9BD8F5E4F1523186 /* VoxScribe */,
				C95DCF9CCC2258E3E0BD7DB4 /* VoxScribeTests */,
				25558BE13427928DC3F4FF40 /* Products */,
			);
			sourceTree = "<group>";
		};
		25558BE13427928DC3F4FF40 /* Products */ = {
			isa = PBXGroup;
			children = (
				9D226DB472326327E804DA6D /* VoxScribe.app */,
				5C444F4BC632001F225CF878 /* VoxScribeTests.xctest */,
			);
			name = Products;
			sourceTree = "<group>";
		};
		274D7E37F96D0E06B9C1DB68 /* App */ = {
			isa = PBXGroup;
			children = (
				C89B8F99750390FB53319AFE /* AppState.swift */,
				ADE1221C975AFBD42246126F /* HotkeyManager.swift */,
				9C4C7000FDC727711A6B33C3 /* KeyboardShortcuts+Extensions.swift */,
				84198B5F12056E73B799CAFF /* VoxScribeApp.swift */,
			);
			path = App;
			sourceTree = "<group>";
		};
		3DEA014D9BD8F5E4F1523186 /* VoxScribe */ = {
			isa = PBXGroup;
			children = (
				2BFE46030D501627D310BE0B /* Local.xcconfig */,
			);
			name = VoxScribe;
			path = .;
			sourceTree = "<group>";
		};
		7421190AD9BA02871F14899A /* UI */ = {
			isa = PBXGroup;
			children = (
				53E563E06D1D116BD55EA866 /* MainAppView.swift */,
				27D96F5FA79E600F21BA031D /* MainWindowController.swift */,
				3003F0EF244EE069518C0990 /* MenuBarView.swift */,
				B9CA162E10F246D7FB94F475 /* OverlayWindowController.swift */,
				05E0126E564D9E60FDA80E4B /* RecordingOverlayView.swift */,
				137587B70B5855439082B233 /* SettingsView.swift */,
			);
			path = UI;
			sourceTree = "<group>";
		};
		78BA0FB24066EED7F4EAD7B9 /* Storage */ = {
			isa = PBXGroup;
			children = (
				0AFE8920B5C501A964FA6857 /* TranscriptionRecord.swift */,
				277DE250D9BDB075E3461DCE /* TranscriptionStore.swift */,
			);
			path = Storage;
			sourceTree = "<group>";
		};
		7CB9C0404521BB79023065A3 /* VoxScribe */ = {
			isa = PBXGroup;
			children = (
				274D7E37F96D0E06B9C1DB68 /* App */,
				B79F8D244696361508475426 /* Audio */,
				0C3316826FF1D9031D89D32A /* Intelligence */,
				DDB7B96C8A0EAB34A0EA78AD /* Output */,
				20E2AAB79CBCEA07040E00EA /* Resources */,
				78BA0FB24066EED7F4EAD7B9 /* Storage */,
				0D890171A9075C48A3D57309 /* Transcription */,
				7421190AD9BA02871F14899A /* UI */,
			);
			path = VoxScribe;
			sourceTree = "<group>";
		};
		B79F8D244696361508475426 /* Audio */ = {
			isa = PBXGroup;
			children = (
				B17B528CBE653EA9FC5801A7 /* AudioCapture.swift */,
			);
			path = Audio;
			sourceTree = "<group>";
		};
		C95DCF9CCC2258E3E0BD7DB4 /* VoxScribeTests */ = {
			isa = PBXGroup;
			children = (
				EB8614EE99B1713B73433EF4 /* AppStateTests.swift */,
				3752C8408DB3E3B611FD7FDF /* FillerFilterTests.swift */,
				B858FED55B94E16624C2F8DB /* TextInserterTests.swift */,
				1B777E22DBC222E17BFE5857 /* TranscriptionStoreTests.swift */,
			);
			path = VoxScribeTests;
			sourceTree = "<group>";
		};
		DDB7B96C8A0EAB34A0EA78AD /* Output */ = {
			isa = PBXGroup;
			children = (
				3C6BDFABE2324E58C6E17B12 /* ClipboardManager.swift */,
				5BC518AF945B610886F69D75 /* TextInserter.swift */,
			);
			path = Output;
			sourceTree = "<group>";
		};
/* End PBXGroup section */

/* Begin PBXNativeTarget section */
		3BD43F199A3FEF0F42376684 /* VoxScribe */ = {
			isa = PBXNativeTarget;
			buildConfigurationList = EE1AF25EEEF335A77988EA22 /* Build configuration list for PBXNativeTarget "VoxScribe" */;
			buildPhases = (
				28C71E70BCB09D417434D115 /* Sources */,
				7C24E337248F264375FEA40F /* Resources */,
				20256BF6552B8B88FDDE3ED7 /* Frameworks */,
			);
			buildRules = (
			);
			dependencies = (
			);
			name = VoxScribe;
			packageProductDependencies = (
				7F788ACDFC3CA2AF650596EF /* WhisperKit */,
				ACFF5A8119554A8E283D993A /* KeyboardShortcuts */,
			);
			productName = VoxScribe;
			productReference = 9D226DB472326327E804DA6D /* VoxScribe.app */;
			productType = "com.apple.product-type.application";
		};
		F4270E417D72153DD0289225 /* VoxScribeTests */ = {
			isa = PBXNativeTarget;
			buildConfigurationList = B6148D7130E490ED064A6DFD /* Build configuration list for PBXNativeTarget "VoxScribeTests" */;
			buildPhases = (
				38335CF0ADCE82E086B3C79D /* Sources */,
			);
			buildRules = (
			);
			dependencies = (
				7F7E78BE52C560861AC8C916 /* PBXTargetDependency */,
			);
			name = VoxScribeTests;
			packageProductDependencies = (
			);
			productName = VoxScribeTests;
			productReference = 5C444F4BC632001F225CF878 /* VoxScribeTests.xctest */;
			productType = "com.apple.product-type.bundle.unit-test";
		};
/* End PBXNativeTarget section */

/* Begin PBXProject section */
		155507C8C7D8E4E7D327E55B /* Project object */ = {
			isa = PBXProject;
			attributes = {
				BuildIndependentTargetsInParallel = YES;
				LastUpgradeCheck = 2620;
				TargetAttributes = {
					3BD43F199A3FEF0F42376684 = {
						DevelopmentTeam = A95D5ZX82P;
						ProvisioningStyle = Automatic;
					};
					F4270E417D72153DD0289225 = {
						DevelopmentTeam = A95D5ZX82P;
						ProvisioningStyle = Automatic;
					};
				};
			};
			buildConfigurationList = E437F64C0CC669F4F2FE5861 /* Build configuration list for PBXProject "VoxScribe" */;
			developmentRegion = en;
			hasScannedForEncodings = 0;
			knownRegions = (
				Base,
				en,
			);
			mainGroup = 2224AE5F353B0FA7317FE5FB;
			minimizedProjectReferenceProxies = 1;
			packageReferences = (
				9E147FF5155C1E7F6B1D988C /* XCRemoteSwiftPackageReference "KeyboardShortcuts" */,
				01DE6D959029E19200683D8F /* XCRemoteSwiftPackageReference "WhisperKit" */,
			);
			preferredProjectObjectVersion = 77;
			productRefGroup = 25558BE13427928DC3F4FF40 /* Products */;
			projectDirPath = "";
			projectRoot = "";
			targets = (
				3BD43F199A3FEF0F42376684 /* VoxScribe */,
				F4270E417D72153DD0289225 /* VoxScribeTests */,
			);
		};
/* End PBXProject section */

/* Begin PBXResourcesBuildPhase section */
		7C24E337248F264375FEA40F /* Resources */ = {
			isa = PBXResourcesBuildPhase;
			buildActionMask = 2147483647;
			files = (
				D80A7DC5A4ADBCFF260B80F4 /* Assets.xcassets in Resources */,
			);
			runOnlyForDeploymentPostprocessing = 0;
		};
/* End PBXResourcesBuildPhase section */

/* Begin PBXSourcesBuildPhase section */
		28C71E70BCB09D417434D115 /* Sources */ = {
			isa = PBXSourcesBuildPhase;
			buildActionMask = 2147483647;
			files = (
				C1C7BDCE4EAEA1DBF4EE9359 /* AppState.swift in Sources */,
				355BAB2A6554D03CCC21CFCA /* AudioCapture.swift in Sources */,
				71A0F9150FFC9600D7AFCFF1 /* ClipboardManager.swift in Sources */,
				EA1FE9C8C993C544C4B31E70 /* FillerFilter.swift in Sources */,
				814CD7D1A2F1AE096568AD64 /* HotkeyManager.swift in Sources */,
				4311B13B05F70300A1EF6196 /* KeyboardShortcuts+Extensions.swift in Sources */,
				13A61C8E3AFAE8EB5681477E /* MainAppView.swift in Sources */,
				A108D150475179C30B79B2A6 /* MainWindowController.swift in Sources */,
				33B8A79CB46313A6D9E39493 /* MenuBarView.swift in Sources */,
				603A1FBD9CB0EA987DA3DDFD /* OverlayWindowController.swift in Sources */,
				6473DAD5151B26106AC1BDC4 /* RecordingOverlayView.swift in Sources */,
				69D641DE8423C475C5438637 /* SettingsView.swift in Sources */,
				D40B8D0DC5F93FC865405BE3 /* TextInserter.swift in Sources */,
				E9A2ECAD0B6CBBD015800C96 /* TranscriptionRecord.swift in Sources */,
				3A49D2A5EA1DA8E781AB684B /* TranscriptionStore.swift in Sources */,
				8F195E750A74B4F5FA186E48 /* VoxScribeApp.swift in Sources */,
				135506CBBEB4C0C427CCDE61 /* WhisperTranscriber.swift in Sources */,
			);
			runOnlyForDeploymentPostprocessing = 0;
		};
		38335CF0ADCE82E086B3C79D /* Sources */ = {
			isa = PBXSourcesBuildPhase;
			buildActionMask = 2147483647;
			files = (
				BA5215C3666AB7AB305E0578 /* AppStateTests.swift in Sources */,
				03787F31E014CE8B39FD524E /* FillerFilterTests.swift in Sources */,
				D9AA0F815D870F98D72B849C /* TextInserterTests.swift in Sources */,
				B2EC4581181C118913D3396E /* TranscriptionStoreTests.swift in Sources */,
			);
			runOnlyForDeploymentPostprocessing = 0;
		};
/* End PBXSourcesBuildPhase section */

/* Begin PBXTargetDependency section */
		7F7E78BE52C560861AC8C916 /* PBXTargetDependency */ = {
			isa = PBXTargetDependency;
			target = 3BD43F199A3FEF0F42376684 /* VoxScribe */;
			targetProxy = 762A62DF331449F216159D4C /* PBXContainerItemProxy */;
		};
/* End PBXTargetDependency section */

/* Begin XCBuildConfiguration section */
		551B5D2B05DE84DCFF5625C7 /* Debug */ = {
			isa = XCBuildConfiguration;
			buildSettings = {
				ALWAYS_SEARCH_USER_PATHS = NO;
				CLANG_ANALYZER_NONNULL = YES;
				CLANG_ANALYZER_NUMBER_OBJECT_CONVERSION = YES_AGGRESSIVE;
				CLANG_CXX_LANGUAGE_STANDARD = "gnu++14";
				CLANG_CXX_LIBRARY = "libc++";
				CLANG_ENABLE_MODULES = YES;
				CLANG_ENABLE_OBJC_ARC = YES;
				CLANG_ENABLE_OBJC_WEAK = YES;
				CLANG_WARN_BLOCK_CAPTURE_AUTORELEASING = YES;
				CLANG_WARN_BOOL_CONVERSION = YES;
				CLANG_WARN_COMMA = YES;
				CLANG_WARN_CONSTANT_CONVERSION = YES;
				CLANG_WARN_DEPRECATED_OBJC_IMPLEMENTATIONS = YES;
				CLANG_WARN_DIRECT_OBJC_ISA_USAGE = YES_ERROR;
				CLANG_WARN_DOCUMENTATION_COMMENTS = YES;
				CLANG_WARN_EMPTY_BODY = YES;
				CLANG_WARN_ENUM_CONVERSION = YES;
				CLANG_WARN_INFINITE_RECURSION = YES;
				CLANG_WARN_INT_CONVERSION = YES;
				CLANG_WARN_NON_LITERAL_NULL_CONVERSION = YES;
				CLANG_WARN_OBJC_IMPLICIT_RETAIN_SELF = YES;
				CLANG_WARN_OBJC_LITERAL_CONVERSION = YES;
				CLANG_WARN_OBJC_ROOT_CLASS = YES_ERROR;
				CLANG_WARN_QUOTED_INCLUDE_IN_FRAMEWORK_HEADER = YES;
				CLANG_WARN_RANGE_LOOP_ANALYSIS = YES;
				CLANG_WARN_STRICT_PROTOTYPES = YES;
				CLANG_WARN_SUSPICIOUS_MOVE = YES;
				CLANG_WARN_UNGUARDED_AVAILABILITY = YES_AGGRESSIVE;
				CLANG_WARN_UNREACHABLE_CODE = YES;
				CLANG_WARN__DUPLICATE_METHOD_MATCH = YES;
				COPY_PHASE_STRIP = NO;
				DEBUG_INFORMATION_FORMAT = dwarf;
				ENABLE_STRICT_OBJC_MSGSEND = YES;
				ENABLE_TESTABILITY = YES;
				GCC_C_LANGUAGE_STANDARD = gnu11;
				GCC_DYNAMIC_NO_PIC = NO;
				GCC_NO_COMMON_BLOCKS = YES;
				GCC_OPTIMIZATION_LEVEL = 0;
				GCC_PREPROCESSOR_DEFINITIONS = (
					"$(inherited)",
					"DEBUG=1",
				);
				GCC_WARN_64_TO_32_BIT_CONVERSION = YES;
				GCC_WARN_ABOUT_RETURN_TYPE = YES_ERROR;
				GCC_WARN_UNDECLARED_SELECTOR = YES;
				GCC_WARN_UNINITIALIZED_AUTOS = YES_AGGRESSIVE;
				GCC_WARN_UNUSED_FUNCTION = YES;
				GCC_WARN_UNUSED_VARIABLE = YES;
				MACOSX_DEPLOYMENT_TARGET = 14.0;
				MTL_ENABLE_DEBUG_INFO = INCLUDE_SOURCE;
				MTL_FAST_MATH = YES;
				ONLY_ACTIVE_ARCH = YES;
				PRODUCT_NAME = "$(TARGET_NAME)";
				SDKROOT = macosx;
				SWIFT_ACTIVE_COMPILATION_CONDITIONS = DEBUG;
				SWIFT_OPTIMIZATION_LEVEL = "-Onone";
				SWIFT_VERSION = 5.0;
			};
			name = Debug;
		};
		9CE6D5724CD9501C04BB65DF /* Release */ = {
			isa = XCBuildConfiguration;
			buildSettings = {
				ALWAYS_SEARCH_USER_PATHS = NO;
				CLANG_ANALYZER_NONNULL = YES;
				CLANG_ANALYZER_NUMBER_OBJECT_CONVERSION = YES_AGGRESSIVE;
				CLANG_CXX_LANGUAGE_STANDARD = "gnu++14";
				CLANG_CXX_LIBRARY = "libc++";
				CLANG_ENABLE_MODULES = YES;
				CLANG_ENABLE_OBJC_ARC = YES;
				CLANG_ENABLE_OBJC_WEAK = YES;
				CLANG_WARN_BLOCK_CAPTURE_AUTORELEASING = YES;
				CLANG_WARN_BOOL_CONVERSION = YES;
				CLANG_WARN_COMMA = YES;
				CLANG_WARN_CONSTANT_CONVERSION = YES;
				CLANG_WARN_DEPRECATED_OBJC_IMPLEMENTATIONS = YES;
				CLANG_WARN_DIRECT_OBJC_ISA_USAGE = YES_ERROR;
				CLANG_WARN_DOCUMENTATION_COMMENTS = YES;
				CLANG_WARN_EMPTY_BODY = YES;
				CLANG_WARN_ENUM_CONVERSION = YES;
				CLANG_WARN_INFINITE_RECURSION = YES;
				CLANG_WARN_INT_CONVERSION = YES;
				CLANG_WARN_NON_LITERAL_NULL_CONVERSION = YES;
				CLANG_WARN_OBJC_IMPLICIT_RETAIN_SELF = YES;
				CLANG_WARN_OBJC_LITERAL_CONVERSION = YES;
				CLANG_WARN_OBJC_ROOT_CLASS = YES_ERROR;
				CLANG_WARN_QUOTED_INCLUDE_IN_FRAMEWORK_HEADER = YES;
				CLANG_WARN_RANGE_LOOP_ANALYSIS = YES;
				CLANG_WARN_STRICT_PROTOTYPES = YES;
				CLANG_WARN_SUSPICIOUS_MOVE = YES;
				CLANG_WARN_UNGUARDED_AVAILABILITY = YES_AGGRESSIVE;
				CLANG_WARN_UNREACHABLE_CODE = YES;
				CLANG_WARN__DUPLICATE_METHOD_MATCH = YES;
				COPY_PHASE_STRIP = NO;
				DEBUG_INFORMATION_FORMAT = "dwarf-with-dsym";
				ENABLE_NS_ASSERTIONS = NO;
				ENABLE_STRICT_OBJC_MSGSEND = YES;
				GCC_C_LANGUAGE_STANDARD = gnu11;
				GCC_NO_COMMON_BLOCKS = YES;
				GCC_WARN_64_TO_32_BIT_CONVERSION = YES;
				GCC_WARN_ABOUT_RETURN_TYPE = YES_ERROR;
				GCC_WARN_UNDECLARED_SELECTOR = YES;
				GCC_WARN_UNINITIALIZED_AUTOS = YES_AGGRESSIVE;
				GCC_WARN_UNUSED_FUNCTION = YES;
				GCC_WARN_UNUSED_VARIABLE = YES;
				MACOSX_DEPLOYMENT_TARGET = 14.0;
				MTL_ENABLE_DEBUG_INFO = NO;
				MTL_FAST_MATH = YES;
				PRODUCT_NAME = "$(TARGET_NAME)";
				SDKROOT = macosx;
				SWIFT_COMPILATION_MODE = wholemodule;
				SWIFT_OPTIMIZATION_LEVEL = "-O";
				SWIFT_VERSION = 5.0;
			};
			name = Release;
		};
		C180DBCF19E8CA45A0C1396D /* Release */ = {
			isa = XCBuildConfiguration;
			baseConfigurationReference = 2BFE46030D501627D310BE0B /* Local.xcconfig */;
			buildSettings = {
				BUNDLE_LOADER = "$(TEST_HOST)";
				CODE_SIGN_STYLE = Automatic;
				COMBINE_HIDPI_IMAGES = YES;
				GENERATE_INFOPLIST_FILE = YES;
				LD_RUNPATH_SEARCH_PATHS = (
					"$(inherited)",
					"@executable_path/../Frameworks",
					"@loader_path/../Frameworks",
				);
				PRODUCT_BUNDLE_IDENTIFIER = com.voxscribe.tests;
				SDKROOT = macosx;
				SWIFT_STRICT_CONCURRENCY = targeted;
				SWIFT_VERSION = 5;
				TEST_HOST = "$(BUILT_PRODUCTS_DIR)/VoxScribe.app/Contents/MacOS/VoxScribe";
			};
			name = Release;
		};
		DA21D14FDEB231622AF50DD3 /* Debug */ = {
			isa = XCBuildConfiguration;
			baseConfigurationReference = 2BFE46030D501627D310BE0B /* Local.xcconfig */;
			buildSettings = {
				BUNDLE_LOADER = "$(TEST_HOST)";
				CODE_SIGN_STYLE = Automatic;
				COMBINE_HIDPI_IMAGES = YES;
				GENERATE_INFOPLIST_FILE = YES;
				LD_RUNPATH_SEARCH_PATHS = (
					"$(inherited)",
					"@executable_path/../Frameworks",
					"@loader_path/../Frameworks",
				);
				PRODUCT_BUNDLE_IDENTIFIER = com.voxscribe.tests;
				SDKROOT = macosx;
				SWIFT_STRICT_CONCURRENCY = targeted;
				SWIFT_VERSION = 5;
				TEST_HOST = "$(BUILT_PRODUCTS_DIR)/VoxScribe.app/Contents/MacOS/VoxScribe";
			};
			name = Debug;
		};
		F16301556ACC5629CD24B7D2 /* Debug */ = {
			isa = XCBuildConfiguration;
			baseConfigurationReference = 2BFE46030D501627D310BE0B /* Local.xcconfig */;
			buildSettings = {
				ASSETCATALOG_COMPILER_APPICON_NAME = AppIcon;
				CODE_SIGN_ENTITLEMENTS = VoxScribe/Resources/VoxScribe.entitlements;
				CODE_SIGN_STYLE = Automatic;
				COMBINE_HIDPI_IMAGES = YES;
				CURRENT_PROJECT_VERSION = 1;
				ENABLE_HARDENED_RUNTIME = YES;
				INFOPLIST_FILE = VoxScribe/Resources/Info.plist;
				LD_RUNPATH_SEARCH_PATHS = (
					"$(inherited)",
					"@executable_path/../Frameworks",
				);
				MACOSX_DEPLOYMENT_TARGET = 14.0;
				MARKETING_VERSION = 0.1.0;
				PRODUCT_BUNDLE_IDENTIFIER = com.voxscribe.app;
				PRODUCT_NAME = VoxScribe;
				SDKROOT = macosx;
				SWIFT_STRICT_CONCURRENCY = targeted;
				SWIFT_VERSION = 5;
			};
			name = Debug;
		};
		FFEFBAED8345D668C65B0C93 /* Release */ = {
			isa = XCBuildConfiguration;
			baseConfigurationReference = 2BFE46030D501627D310BE0B /* Local.xcconfig */;
			buildSettings = {
				ASSETCATALOG_COMPILER_APPICON_NAME = AppIcon;
				CODE_SIGN_ENTITLEMENTS = VoxScribe/Resources/VoxScribe.entitlements;
				CODE_SIGN_STYLE = Automatic;
				COMBINE_HIDPI_IMAGES = YES;
				CURRENT_PROJECT_VERSION = 1;
				ENABLE_HARDENED_RUNTIME = YES;
				INFOPLIST_FILE = VoxScribe/Resources/Info.plist;
				LD_RUNPATH_SEARCH_PATHS = (
					"$(inherited)",
					"@executable_path/../Frameworks",
				);
				MACOSX_DEPLOYMENT_TARGET = 14.0;
				MARKETING_VERSION = 0.1.0;
				PRODUCT_BUNDLE_IDENTIFIER = com.voxscribe.app;
				PRODUCT_NAME = VoxScribe;
				SDKROOT = macosx;
				SWIFT_STRICT_CONCURRENCY = targeted;
				SWIFT_VERSION = 5;
			};
			name = Release;
		};
/* End XCBuildConfiguration section */

/* Begin XCConfigurationList section */
		B6148D7130E490ED064A6DFD /* Build configuration list for PBXNativeTarget "VoxScribeTests" */ = {
			isa = XCConfigurationList;
			buildConfigurations = (
				DA21D14FDEB231622AF50DD3 /* Debug */,
				C180DBCF19E8CA45A0C1396D /* Release */,
			);
			defaultConfigurationIsVisible = 0;
			defaultConfigurationName = Debug;
		};
		E437F64C0CC669F4F2FE5861 /* Build configuration list for PBXProject "VoxScribe" */ = {
			isa = XCConfigurationList;
			buildConfigurations = (
				551B5D2B05DE84DCFF5625C7 /* Debug */,
				9CE6D5724CD9501C04BB65DF /* Release */,
			);
			defaultConfigurationIsVisible = 0;
			defaultConfigurationName = Debug;
		};
		EE1AF25EEEF335A77988EA22 /* Build configuration list for PBXNativeTarget "VoxScribe" */ = {
			isa = XCConfigurationList;
			buildConfigurations = (
				F16301556ACC5629CD24B7D2 /* Debug */,
				FFEFBAED8345D668C65B0C93 /* Release */,
			);
			defaultConfigurationIsVisible = 0;
			defaultConfigurationName = Debug;
		};
/* End XCConfigurationList section */

/* Begin XCRemoteSwiftPackageReference section */
		01DE6D959029E19200683D8F /* XCRemoteSwiftPackageReference "WhisperKit" */ = {
			isa = XCRemoteSwiftPackageReference;
			repositoryURL = "https://github.com/argmaxinc/WhisperKit.git";
			requirement = {
				kind = upToNextMajorVersion;
				minimumVersion = 0.9.0;
			};
		};
		9E147FF5155C1E7F6B1D988C /* XCRemoteSwiftPackageReference "KeyboardShortcuts" */ = {
			isa = XCRemoteSwiftPackageReference;
			repositoryURL = "https://github.com/sindresorhus/KeyboardShortcuts.git";
			requirement = {
				kind = upToNextMajorVersion;
				minimumVersion = 2.0.0;
			};
		};
/* End XCRemoteSwiftPackageReference section */

/* Begin XCSwiftPackageProductDependency section */
		7F788ACDFC3CA2AF650596EF /* WhisperKit */ = {
			isa = XCSwiftPackageProductDependency;
			package = 01DE6D959029E19200683D8F /* XCRemoteSwiftPackageReference "WhisperKit" */;
			productName = WhisperKit;
		};
		ACFF5A8119554A8E283D993A /* KeyboardShortcuts */ = {
			isa = XCSwiftPackageProductDependency;
			package = 9E147FF5155C1E7F6B1D988C /* XCRemoteSwiftPackageReference "KeyboardShortcuts" */;
			productName = KeyboardShortcuts;
		};
/* End XCSwiftPackageProductDependency section */
	};
	rootObject = 155507C8C7D8E4E7D327E55B /* Project object */;
}
